
Microsoft Visual Studio Solution File, Format Version 12.00
# Visual Studio Version 17
VisualStudioVersion = 17.11.35219.272
MinimumVisualStudioVersion = 10.0.40219.1
Project("{888888A0-9F3D-457C-B088-3A5042F75D52}") = "01. 문자열1", "연습장\01. 문자열1.pyproj", "{34017E4C-5308-4DD6-98E8-A5D919095802}"
EndProject
Project("{888888A0-9F3D-457C-B088-3A5042F75D52}") = "02. 문자열2", "02.문자열2\02. 문자열2.pyproj", "{C3C7A524-5B9C-4489-912A-83240246F914}"
EndProject
Project("{888888A0-9F3D-457C-B088-3A5042F75D52}") = "03. 문자열3", "03. 문자열3\03. 문자열3.pyproj", "{EDBB6006-2E67-4832-AE92-39F9A7995385}"
EndProject
Project("{888888A0-9F3D-457C-B088-3A5042F75D52}") = "04. 문자열4", "04. 문자열4\04. 문자열4.pyproj", "{09A5AC9D-E692-433A-B45F-D91EA33C407C}"
EndProject
Project("{888888A0-9F3D-457C-B088-3A5042F75D52}") = "05. 문자열5", "05. 문자열5\05. 문자열5.pyproj", "{5FAD3AB6-37BB-42CF-A8A9-86BA689B6041}"
EndProject
Project("{888888A0-9F3D-457C-B088-3A5042F75D52}") = "06. 문자열6", "06. 문자열6\06. 문자열6.pyproj", "{9F39060F-329B-4FE4-A4AA-4D568B41EB55}"
EndProject
Project("{888888A0-9F3D-457C-B088-3A5042F75D52}") = "07. 문자열7", "07. 문자열7\07. 문자열7.pyproj", "{B674C45B-E453-487A-BB72-CF18B598CD51}"
EndProject
Project("{888888A0-9F3D-457C-B088-3A5042F75D52}") = "08. 숫자1", "08. 숫자1\08. 숫자1.pyproj", "{D83CD7FB-480B-4437-94A3-299EE0690CE6}"
EndProject
Project("{888888A0-9F3D-457C-B088-3A5042F75D52}") = "09. 숫자2", "10. 숫자2\09. 숫자2.pyproj", "{60CFA68E-FCEA-4F4C-A2A5-7AAC6BE37DCE}"
EndProject
Project("{888888A0-9F3D-457C-B088-3A5042F75D52}") = "10. 숫자3", "10. 숫자3\10. 숫자3.pyproj", "{972865C2-3E60-4312-AA3A-F609AD622CDC}"
EndProject
Project("{888888A0-9F3D-457C-B088-3A5042F75D52}") = "11. 숫자4", "11. 숫자3\11. 숫자4.pyproj", "{E5C2A1F0-1BDB-4C46-AE0D-D4211843C4D7}"
EndProject
Project("{888888A0-9F3D-457C-B088-3A5042F75D52}") = "12. 입력1", "12. 입력\12. 입력1.pyproj", "{1CE7B47D-8199-4AC6-95F0-CE89D2737CE6}"
EndProject
Project("{888888A0-9F3D-457C-B088-3A5042F75D52}") = "13. 입력2", "13. 입력2\13. 입력2.pyproj", "{6172F348-F827-4786-A4C1-D6203C547FDD}"
EndProject
Project("{888888A0-9F3D-457C-B088-3A5042F75D52}") = "14. 형변환1", "14. 형변환\14. 형변환1.pyproj", "{730A3A4D-6265-44EF-A7DA-4C978C933114}"
EndProject
Project("{888888A0-9F3D-457C-B088-3A5042F75D52}") = "15. 형변환2", "15. 형변환2\15. 형변환2.pyproj", "{78E6535E-5626-4E6D-9BB4-4B6F4AE5FCF8}"
EndProject
Project("{888888A0-9F3D-457C-B088-3A5042F75D52}") = "16. 형변환3", "16. 형변환4\16. 형변환3.pyproj", "{FDEAF762-FBA5-4E36-8A36-3E7A73775A21}"
EndProject
Project("{888888A0-9F3D-457C-B088-3A5042F75D52}") = "17. Format1", "15. format함수를 이용한 형변환\17. Format1.pyproj", "{78EBF2D4-0564-4224-B3A3-7520F8AB6B7B}"
EndProject
Project("{888888A0-9F3D-457C-B088-3A5042F75D52}") = "18. Format2", "18. Format2\18. Format2.pyproj", "{642CBFBF-7083-45F0-8FFB-A820CABB8D93}"
EndProject
Project("{888888A0-9F3D-457C-B088-3A5042F75D52}") = "19. Format3", "19. Format3\19. Format3.pyproj", "{D497CC76-4E4B-4E2D-ABA8-17D8B191FE0E}"
EndProject
Project("{888888A0-9F3D-457C-B088-3A5042F75D52}") = "20. Format4", "18. Format4\20. Format4.pyproj", "{AB98B5A7-03BA-4EAF-9CF4-DD5DF48C4A53}"
EndProject
Project("{888888A0-9F3D-457C-B088-3A5042F75D52}") = "21. Format5", "21. Format5\21. Format5.pyproj", "{16FAE011-1890-4F4A-8578-69C069D09BF0}"
EndProject
Project("{888888A0-9F3D-457C-B088-3A5042F75D52}") = "22. Format7", "22. Format7\22. Format7.pyproj", "{65F1C1EF-C818-484C-8B79-231314D2DE1A}"
EndProject
Project("{888888A0-9F3D-457C-B088-3A5042F75D52}") = "23. UPPERLOWER", "23. UPPERLOWER\23. UPPERLOWER.pyproj", "{CCC8FFCA-E8A1-484D-8CB1-B60382AA9957}"
EndProject
Project("{888888A0-9F3D-457C-B088-3A5042F75D52}") = "24. strip", "24. stri[\24. strip.pyproj", "{DB61A3F6-87DD-40C0-A9CF-46BD3B15E736}"
EndProject
Project("{888888A0-9F3D-457C-B088-3A5042F75D52}") = "25. Float2", "25. Float12\25. Float2.pyproj", "{36B59DEC-C4AE-40CB-AC20-2769E8A4E870}"
EndProject
Project("{888888A0-9F3D-457C-B088-3A5042F75D52}") = "26. 행 바꿈", "26. 행 바꿈\26. 행 바꿈.pyproj", "{6EE37DE5-1402-4116-8D22-F8F5726AA9AD}"
EndProject
Project("{888888A0-9F3D-457C-B088-3A5042F75D52}") = "27. 형식지정자", "27. 형식지정자\27. 형식지정자.pyproj", "{9E195E4F-C578-4E17-94EA-B94EC1E7C173}"
EndProject
Project("{888888A0-9F3D-457C-B088-3A5042F75D52}") = "28. Format1", "28. Format1\28. Format1.pyproj", "{7E230946-B453-4F62-9658-873B9F4B661C}"
EndProject
Project("{888888A0-9F3D-457C-B088-3A5042F75D52}") = "29. Input1", "29. input1\29. Input1.pyproj", "{6D819DD6-9C11-4BEA-9469-E227DB65C089}"
EndProject
Project("{888888A0-9F3D-457C-B088-3A5042F75D52}") = "30. input2", "30. Input2\30. input2.pyproj", "{07DEB41A-1405-4F44-BFDD-674005A38552}"
EndProject
Project("{888888A0-9F3D-457C-B088-3A5042F75D52}") = "31. input3", "31. input3\31. input3.pyproj", "{1ED10EC6-0670-4765-9C58-07A2FB2132EA}"
EndProject
Project("{888888A0-9F3D-457C-B088-3A5042F75D52}") = "32. Escape", "32. Escape\32. Escape.pyproj", "{2F882638-3F3F-4738-B793-F47A9D669B51}"
EndProject
Project("{888888A0-9F3D-457C-B088-3A5042F75D52}") = "33. Formatting1", "33. Formating1\33. Formatting1.pyproj", "{F10AFA8B-600D-4584-938D-E20901EFEF22}"
EndProject
Project("{888888A0-9F3D-457C-B088-3A5042F75D52}") = "34. Formatting2", "34. Formatting2\34. Formatting2.pyproj", "{C3190DEC-C8B1-4768-B814-A463F11CFFE2}"
EndProject
Project("{888888A0-9F3D-457C-B088-3A5042F75D52}") = "35. Formatting3", "35. Formatting3\35. Formatting3.pyproj", "{1811DE73-ADA4-499C-90E5-F6BB530B72C6}"
EndProject
Project("{888888A0-9F3D-457C-B088-3A5042F75D52}") = "36. NewLine", "35. NewLine\36. NewLine.pyproj", "{6805F6FC-CBBE-4353-9D3F-DB6790C81571}"
EndProject
Project("{888888A0-9F3D-457C-B088-3A5042F75D52}") = "37. Formatting4", "37. Formatting5\37. Formatting4.pyproj", "{5F36A398-9FE2-4540-AD3E-FF4E3870B918}"
EndProject
Project("{888888A0-9F3D-457C-B088-3A5042F75D52}") = "00. 연습장", "00. 연습장\00. 연습장.pyproj", "{E7BC3169-DC67-476B-8B2D-A159BF937FC5}"
EndProject
Project("{888888A0-9F3D-457C-B088-3A5042F75D52}") = "38. 함수의 정의", "38. 함수의 정의\38. 함수의 정의.pyproj", "{5A24E1FB-E6AF-42EC-B024-44AE02048107}"
EndProject
Project("{888888A0-9F3D-457C-B088-3A5042F75D52}") = "39. 매개변수가 있는 함수", "39. 매개변수가 있는 함수\39. 매개변수가 있는 함수.pyproj", "{29EE630A-9B22-469C-80DF-E271F8537D5F}"
EndProject
Project("{888888A0-9F3D-457C-B088-3A5042F75D52}") = "40. TypeError", "40. TypeError\40. TypeError.pyproj", "{C168BA8C-A5B0-4AF5-B2DE-8D492CCD4ECA}"
EndProject
Project("{888888A0-9F3D-457C-B088-3A5042F75D52}") = "41. 가변 매개변수", "41. 가변 매개변수\41. 가변 매개변수.pyproj", "{DE8361C3-B372-4EA6-94E4-4FCBD114F75F}"
EndProject
Project("{888888A0-9F3D-457C-B088-3A5042F75D52}") = "42. 기본 매개변수", "42. 기본 매개변수\42. 기본 매개변수.pyproj", "{026D332F-116B-467A-B1CA-228F3D08E931}"
EndProject
Project("{888888A0-9F3D-457C-B088-3A5042F75D52}") = "43. 키워드 매개변수", "43. 키워드 매개변수\43. 키워드 매개변수.pyproj", "{8B21F294-8122-494D-B379-3765BF83F6A3}"
EndProject
Project("{888888A0-9F3D-457C-B088-3A5042F75D52}") = "44. 키워드 매개변수1", "45. 키워드 매개변수1\44. 키워드 매개변수1.pyproj", "{61BDF1D8-C551-46A0-95D1-765B5B06CEC9}"
EndProject
Project("{888888A0-9F3D-457C-B088-3A5042F75D52}") = "45. return1", "45. return\45. return1.pyproj", "{A588ABD1-3DA9-40E3-AE11-0BA432A63E98}"
EndProject
Project("{888888A0-9F3D-457C-B088-3A5042F75D52}") = "46. return2", "46. return2\46. return2.pyproj", "{1F16D95F-DC58-4EC7-A20C-C8329F101301}"
EndProject
Project("{888888A0-9F3D-457C-B088-3A5042F75D52}") = "47. return3", "47. return3\47. return3.pyproj", "{69B2A61D-493E-456A-ADD6-9FC4AA724A9F}"
EndProject
Global
	GlobalSection(SolutionConfigurationPlatforms) = preSolution
		Debug|Any CPU = Debug|Any CPU
		Release|Any CPU = Release|Any CPU
	EndGlobalSection
	GlobalSection(ProjectConfigurationPlatforms) = postSolution
		{34017E4C-5308-4DD6-98E8-A5D919095802}.Debug|Any CPU.ActiveCfg = Debug|Any CPU
		{34017E4C-5308-4DD6-98E8-A5D919095802}.Release|Any CPU.ActiveCfg = Release|Any CPU
		{C3C7A524-5B9C-4489-912A-83240246F914}.Debug|Any CPU.ActiveCfg = Debug|Any CPU
		{C3C7A524-5B9C-4489-912A-83240246F914}.Release|Any CPU.ActiveCfg = Release|Any CPU
		{EDBB6006-2E67-4832-AE92-39F9A7995385}.Debug|Any CPU.ActiveCfg = Debug|Any CPU
		{EDBB6006-2E67-4832-AE92-39F9A7995385}.Release|Any CPU.ActiveCfg = Release|Any CPU
		{09A5AC9D-E692-433A-B45F-D91EA33C407C}.Debug|Any CPU.ActiveCfg = Debug|Any CPU
		{09A5AC9D-E692-433A-B45F-D91EA33C407C}.Release|Any CPU.ActiveCfg = Release|Any CPU
		{5FAD3AB6-37BB-42CF-A8A9-86BA689B6041}.Debug|Any CPU.ActiveCfg = Debug|Any CPU
		{5FAD3AB6-37BB-42CF-A8A9-86BA689B6041}.Release|Any CPU.ActiveCfg = Release|Any CPU
		{9F39060F-329B-4FE4-A4AA-4D568B41EB55}.Debug|Any CPU.ActiveCfg = Debug|Any CPU
		{9F39060F-329B-4FE4-A4AA-4D568B41EB55}.Release|Any CPU.ActiveCfg = Release|Any CPU
		{B674C45B-E453-487A-BB72-CF18B598CD51}.Debug|Any CPU.ActiveCfg = Debug|Any CPU
		{B674C45B-E453-487A-BB72-CF18B598CD51}.Release|Any CPU.ActiveCfg = Release|Any CPU
		{D83CD7FB-480B-4437-94A3-299EE0690CE6}.Debug|Any CPU.ActiveCfg = Debug|Any CPU
		{D83CD7FB-480B-4437-94A3-299EE0690CE6}.Release|Any CPU.ActiveCfg = Release|Any CPU
		{60CFA68E-FCEA-4F4C-A2A5-7AAC6BE37DCE}.Debug|Any CPU.ActiveCfg = Debug|Any CPU
		{60CFA68E-FCEA-4F4C-A2A5-7AAC6BE37DCE}.Release|Any CPU.ActiveCfg = Release|Any CPU
		{972865C2-3E60-4312-AA3A-F609AD622CDC}.Debug|Any CPU.ActiveCfg = Debug|Any CPU
		{972865C2-3E60-4312-AA3A-F609AD622CDC}.Release|Any CPU.ActiveCfg = Release|Any CPU
		{E5C2A1F0-1BDB-4C46-AE0D-D4211843C4D7}.Debug|Any CPU.ActiveCfg = Debug|Any CPU
		{E5C2A1F0-1BDB-4C46-AE0D-D4211843C4D7}.Release|Any CPU.ActiveCfg = Release|Any CPU
		{1CE7B47D-8199-4AC6-95F0-CE89D2737CE6}.Debug|Any CPU.ActiveCfg = Debug|Any CPU
		{1CE7B47D-8199-4AC6-95F0-CE89D2737CE6}.Release|Any CPU.ActiveCfg = Release|Any CPU
		{6172F348-F827-4786-A4C1-D6203C547FDD}.Debug|Any CPU.ActiveCfg = Debug|Any CPU
		{6172F348-F827-4786-A4C1-D6203C547FDD}.Release|Any CPU.ActiveCfg = Release|Any CPU
		{730A3A4D-6265-44EF-A7DA-4C978C933114}.Debug|Any CPU.ActiveCfg = Debug|Any CPU
		{730A3A4D-6265-44EF-A7DA-4C978C933114}.Release|Any CPU.ActiveCfg = Release|Any CPU
		{78E6535E-5626-4E6D-9BB4-4B6F4AE5FCF8}.Debug|Any CPU.ActiveCfg = Debug|Any CPU
		{78E6535E-5626-4E6D-9BB4-4B6F4AE5FCF8}.Release|Any CPU.ActiveCfg = Release|Any CPU
		{FDEAF762-FBA5-4E36-8A36-3E7A73775A21}.Debug|Any CPU.ActiveCfg = Debug|Any CPU
		{FDEAF762-FBA5-4E36-8A36-3E7A73775A21}.Release|Any CPU.ActiveCfg = Release|Any CPU
		{78EBF2D4-0564-4224-B3A3-7520F8AB6B7B}.Debug|Any CPU.ActiveCfg = Debug|Any CPU
		{78EBF2D4-0564-4224-B3A3-7520F8AB6B7B}.Release|Any CPU.ActiveCfg = Release|Any CPU
		{642CBFBF-7083-45F0-8FFB-A820CABB8D93}.Debug|Any CPU.ActiveCfg = Debug|Any CPU
		{642CBFBF-7083-45F0-8FFB-A820CABB8D93}.Release|Any CPU.ActiveCfg = Release|Any CPU
		{D497CC76-4E4B-4E2D-ABA8-17D8B191FE0E}.Debug|Any CPU.ActiveCfg = Debug|Any CPU
		{D497CC76-4E4B-4E2D-ABA8-17D8B191FE0E}.Release|Any CPU.ActiveCfg = Release|Any CPU
		{AB98B5A7-03BA-4EAF-9CF4-DD5DF48C4A53}.Debug|Any CPU.ActiveCfg = Debug|Any CPU
		{AB98B5A7-03BA-4EAF-9CF4-DD5DF48C4A53}.Release|Any CPU.ActiveCfg = Release|Any CPU
		{16FAE011-1890-4F4A-8578-69C069D09BF0}.Debug|Any CPU.ActiveCfg = Debug|Any CPU
		{16FAE011-1890-4F4A-8578-69C069D09BF0}.Release|Any CPU.ActiveCfg = Release|Any CPU
		{65F1C1EF-C818-484C-8B79-231314D2DE1A}.Debug|Any CPU.ActiveCfg = Debug|Any CPU
		{65F1C1EF-C818-484C-8B79-231314D2DE1A}.Release|Any CPU.ActiveCfg = Release|Any CPU
		{CCC8FFCA-E8A1-484D-8CB1-B60382AA9957}.Debug|Any CPU.ActiveCfg = Debug|Any CPU
		{CCC8FFCA-E8A1-484D-8CB1-B60382AA9957}.Release|Any CPU.ActiveCfg = Release|Any CPU
		{DB61A3F6-87DD-40C0-A9CF-46BD3B15E736}.Debug|Any CPU.ActiveCfg = Debug|Any CPU
		{DB61A3F6-87DD-40C0-A9CF-46BD3B15E736}.Release|Any CPU.ActiveCfg = Release|Any CPU
		{36B59DEC-C4AE-40CB-AC20-2769E8A4E870}.Debug|Any CPU.ActiveCfg = Debug|Any CPU
		{36B59DEC-C4AE-40CB-AC20-2769E8A4E870}.Release|Any CPU.ActiveCfg = Release|Any CPU
		{6EE37DE5-1402-4116-8D22-F8F5726AA9AD}.Debug|Any CPU.ActiveCfg = Debug|Any CPU
		{6EE37DE5-1402-4116-8D22-F8F5726AA9AD}.Release|Any CPU.ActiveCfg = Release|Any CPU
		{9E195E4F-C578-4E17-94EA-B94EC1E7C173}.Debug|Any CPU.ActiveCfg = Debug|Any CPU
		{9E195E4F-C578-4E17-94EA-B94EC1E7C173}.Release|Any CPU.ActiveCfg = Release|Any CPU
		{7E230946-B453-4F62-9658-873B9F4B661C}.Debug|Any CPU.ActiveCfg = Debug|Any CPU
		{7E230946-B453-4F62-9658-873B9F4B661C}.Release|Any CPU.ActiveCfg = Release|Any CPU
		{6D819DD6-9C11-4BEA-9469-E227DB65C089}.Debug|Any CPU.ActiveCfg = Debug|Any CPU
		{6D819DD6-9C11-4BEA-9469-E227DB65C089}.Release|Any CPU.ActiveCfg = Release|Any CPU
		{07DEB41A-1405-4F44-BFDD-674005A38552}.Debug|Any CPU.ActiveCfg = Debug|Any CPU
		{07DEB41A-1405-4F44-BFDD-674005A38552}.Release|Any CPU.ActiveCfg = Release|Any CPU
		{1ED10EC6-0670-4765-9C58-07A2FB2132EA}.Debug|Any CPU.ActiveCfg = Debug|Any CPU
		{1ED10EC6-0670-4765-9C58-07A2FB2132EA}.Release|Any CPU.ActiveCfg = Release|Any CPU
		{2F882638-3F3F-4738-B793-F47A9D669B51}.Debug|Any CPU.ActiveCfg = Debug|Any CPU
		{2F882638-3F3F-4738-B793-F47A9D669B51}.Release|Any CPU.ActiveCfg = Release|Any CPU
		{F10AFA8B-600D-4584-938D-E20901EFEF22}.Debug|Any CPU.ActiveCfg = Debug|Any CPU
		{F10AFA8B-600D-4584-938D-E20901EFEF22}.Release|Any CPU.ActiveCfg = Release|Any CPU
		{C3190DEC-C8B1-4768-B814-A463F11CFFE2}.Debug|Any CPU.ActiveCfg = Debug|Any CPU
		{C3190DEC-C8B1-4768-B814-A463F11CFFE2}.Release|Any CPU.ActiveCfg = Release|Any CPU
		{1811DE73-ADA4-499C-90E5-F6BB530B72C6}.Debug|Any CPU.ActiveCfg = Debug|Any CPU
		{1811DE73-ADA4-499C-90E5-F6BB530B72C6}.Release|Any CPU.ActiveCfg = Release|Any CPU
		{6805F6FC-CBBE-4353-9D3F-DB6790C81571}.Debug|Any CPU.ActiveCfg = Debug|Any CPU
		{6805F6FC-CBBE-4353-9D3F-DB6790C81571}.Release|Any CPU.ActiveCfg = Release|Any CPU
		{5F36A398-9FE2-4540-AD3E-FF4E3870B918}.Debug|Any CPU.ActiveCfg = Debug|Any CPU
		{5F36A398-9FE2-4540-AD3E-FF4E3870B918}.Release|Any CPU.ActiveCfg = Release|Any CPU
		{E7BC3169-DC67-476B-8B2D-A159BF937FC5}.Debug|Any CPU.ActiveCfg = Debug|Any CPU
		{E7BC3169-DC67-476B-8B2D-A159BF937FC5}.Release|Any CPU.ActiveCfg = Release|Any CPU
		{5A24E1FB-E6AF-42EC-B024-44AE02048107}.Debug|Any CPU.ActiveCfg = Debug|Any CPU
		{5A24E1FB-E6AF-42EC-B024-44AE02048107}.Release|Any CPU.ActiveCfg = Release|Any CPU
		{29EE630A-9B22-469C-80DF-E271F8537D5F}.Debug|Any CPU.ActiveCfg = Debug|Any CPU
		{29EE630A-9B22-469C-80DF-E271F8537D5F}.Release|Any CPU.ActiveCfg = Release|Any CPU
		{C168BA8C-A5B0-4AF5-B2DE-8D492CCD4ECA}.Debug|Any CPU.ActiveCfg = Debug|Any CPU
		{C168BA8C-A5B0-4AF5-B2DE-8D492CCD4ECA}.Release|Any CPU.ActiveCfg = Release|Any CPU
		{DE8361C3-B372-4EA6-94E4-4FCBD114F75F}.Debug|Any CPU.ActiveCfg = Debug|Any CPU
		{DE8361C3-B372-4EA6-94E4-4FCBD114F75F}.Release|Any CPU.ActiveCfg = Release|Any CPU
		{026D332F-116B-467A-B1CA-228F3D08E931}.Debug|Any CPU.ActiveCfg = Debug|Any CPU
		{026D332F-116B-467A-B1CA-228F3D08E931}.Release|Any CPU.ActiveCfg = Release|Any CPU
		{8B21F294-8122-494D-B379-3765BF83F6A3}.Debug|Any CPU.ActiveCfg = Debug|Any CPU
		{8B21F294-8122-494D-B379-3765BF83F6A3}.Release|Any CPU.ActiveCfg = Release|Any CPU
		{61BDF1D8-C551-46A0-95D1-765B5B06CEC9}.Debug|Any CPU.ActiveCfg = Debug|Any CPU
		{61BDF1D8-C551-46A0-95D1-765B5B06CEC9}.Release|Any CPU.ActiveCfg = Release|Any CPU
		{A588ABD1-3DA9-40E3-AE11-0BA432A63E98}.Debug|Any CPU.ActiveCfg = Debug|Any CPU
		{A588ABD1-3DA9-40E3-AE11-0BA432A63E98}.Release|Any CPU.ActiveCfg = Release|Any CPU
		{1F16D95F-DC58-4EC7-A20C-C8329F101301}.Debug|Any CPU.ActiveCfg = Debug|Any CPU
		{1F16D95F-DC58-4EC7-A20C-C8329F101301}.Release|Any CPU.ActiveCfg = Release|Any CPU
		{69B2A61D-493E-456A-ADD6-9FC4AA724A9F}.Debug|Any CPU.ActiveCfg = Debug|Any CPU
		{69B2A61D-493E-456A-ADD6-9FC4AA724A9F}.Release|Any CPU.ActiveCfg = Release|Any CPU
	EndGlobalSection
	GlobalSection(SolutionProperties) = preSolution
		HideSolutionNode = FALSE
	EndGlobalSection
	GlobalSection(ExtensibilityGlobals) = postSolution
		SolutionGuid = {5B83AC45-63F8-45A4-AA16-783E39BB5D10}
	EndGlobalSection
EndGlobal
